// !$*UTF8*$!
{
	archiveVersion = 1;
	classes = {
	};
	objectVersion = 46;
	objects = {

/* Begin PBXBuildFile section */
		C14D94851CBCE941005A96B3 /* Hero.m in Sources */ = {isa = PBXBuildFile; fileRef = C14D94841CBCE941005A96B3 /* Hero.m */; };
		C16C20311C82D4D600B934DA /* PlayScene.m in Sources */ = {isa = PBXBuildFile; fileRef = C16C20301C82D4D600B934DA /* PlayScene.m */; };
		C16C20341C841A9300B934DA /* EndScene.m in Sources */ = {isa = PBXBuildFile; fileRef = C16C20331C841A9300B934DA /* EndScene.m */; };
		C1CBF78C1C1FED1B004515FF /* main.m in Sources */ = {isa = PBXBuildFile; fileRef = C1CBF78B1C1FED1B004515FF /* main.m */; };
		C1CBF78F1C1FED1B004515FF /* AppDelegate.m in Sources */ = {isa = PBXBuildFile; fileRef = C1CBF78E1C1FED1B004515FF /* AppDelegate.m */; };
		C1CBF7921C1FED1B004515FF /* GameScene.m in Sources */ = {isa = PBXBuildFile; fileRef = C1CBF7911C1FED1B004515FF /* GameScene.m */; };
		C1CBF7941C1FED1B004515FF /* GameScene.sks in Resources */ = {isa = PBXBuildFile; fileRef = C1CBF7931C1FED1B004515FF /* GameScene.sks */; };
		C1CBF7971C1FED1B004515FF /* GameViewController.m in Sources */ = {isa = PBXBuildFile; fileRef = C1CBF7961C1FED1B004515FF /* GameViewController.m */; };
		C1CBF79A1C1FED1B004515FF /* Main.storyboard in Resources */ = {isa = PBXBuildFile; fileRef = C1CBF7981C1FED1B004515FF /* Main.storyboard */; };
		C1CBF79C1C1FED1B004515FF /* Assets.xcassets in Resources */ = {isa = PBXBuildFile; fileRef = C1CBF79B1C1FED1B004515FF /* Assets.xcassets */; };
		C1CBF79F1C1FED1B004515FF /* LaunchScreen.storyboard in Resources */ = {isa = PBXBuildFile; fileRef = C1CBF79D1C1FED1B004515FF /* LaunchScreen.storyboard */; };
		C1FFA45A1C9839F900411499 /* heroDied.sks in Resources */ = {isa = PBXBuildFile; fileRef = C1FFA4581C9839F800411499 /* heroDied.sks */; };
		C1FFA45B1C9839F900411499 /* spark.png in Resources */ = {isa = PBXBuildFile; fileRef = C1FFA4591C9839F900411499 /* spark.png */; };
		C1FFA45F1C98404200411499 /* heroDied1.sks in Resources */ = {isa = PBXBuildFile; fileRef = C1FFA45E1C98404200411499 /* heroDied1.sks */; };
		C1FFA4611C9846DA00411499 /* jump.wav in Resources */ = {isa = PBXBuildFile; fileRef = C1FFA4601C9846DA00411499 /* jump.wav */; };
		F14E9E5E1CBB5395003C648D /* SKNode+receiveAttack.m in Sources */ = {isa = PBXBuildFile; fileRef = F14E9E5D1CBB5395003C648D /* SKNode+receiveAttack.m */; };
		F14E9E611CBBA0D9003C648D /* Enemy.m in Sources */ = {isa = PBXBuildFile; fileRef = F14E9E601CBBA0D9003C648D /* Enemy.m */; };
		F14E9E671CBBCEEA003C648D /* CoinNode.m in Sources */ = {isa = PBXBuildFile; fileRef = F14E9E661CBBCEEA003C648D /* CoinNode.m */; };
		F1F426CC1CA81F6100C27B2D /* PlayerSceneHalloween.m in Sources */ = {isa = PBXBuildFile; fileRef = F1F426CB1CA81F6100C27B2D /* PlayerSceneHalloween.m */; };
		F1F426CE1CAA87AF00C27B2D /* coins.wav in Resources */ = {isa = PBXBuildFile; fileRef = F1F426CD1CAA87AF00C27B2D /* coins.wav */; };
/* End PBXBuildFile section */

/* Begin PBXFileReference section */
		C14D94831CBCE941005A96B3 /* Hero.h */ = {isa = PBXFileReference; fileEncoding = 4; lastKnownFileType = sourcecode.c.h; path = Hero.h; sourceTree = "<group>"; };
		C14D94841CBCE941005A96B3 /* Hero.m */ = {isa = PBXFileReference; fileEncoding = 4; lastKnownFileType = sourcecode.c.objc; path = Hero.m; sourceTree = "<group>"; };
		C16C202F1C82D4D600B934DA /* PlayScene.h */ = {isa = PBXFileReference; fileEncoding = 4; lastKnownFileType = sourcecode.c.h; path = PlayScene.h; sourceTree = "<group>"; };
		C16C20301C82D4D600B934DA /* PlayScene.m */ = {isa = PBXFileReference; fileEncoding = 4; lastKnownFileType = sourcecode.c.objc; path = PlayScene.m; sourceTree = "<group>"; };
		C16C20321C841A9300B934DA /* EndScene.h */ = {isa = PBXFileReference; fileEncoding = 4; lastKnownFileType = sourcecode.c.h; path = EndScene.h; sourceTree = "<group>"; };
		C16C20331C841A9300B934DA /* EndScene.m */ = {isa = PBXFileReference; fileEncoding = 4; lastKnownFileType = sourcecode.c.objc; path = EndScene.m; sourceTree = "<group>"; };
		C1CBF7871C1FED1B004515FF /* GoGo.app */ = {isa = PBXFileReference; explicitFileType = wrapper.application; includeInIndex = 0; path = GoGo.app; sourceTree = BUILT_PRODUCTS_DIR; };
		C1CBF78B1C1FED1B004515FF /* main.m */ = {isa = PBXFileReference; lastKnownFileType = sourcecode.c.objc; path = main.m; sourceTree = "<group>"; };
		C1CBF78D1C1FED1B004515FF /* AppDelegate.h */ = {isa = PBXFileReference; lastKnownFileType = sourcecode.c.h; path = AppDelegate.h; sourceTree = "<group>"; };
		C1CBF78E1C1FED1B004515FF /* AppDelegate.m */ = {isa = PBXFileReference; lastKnownFileType = sourcecode.c.objc; path = AppDelegate.m; sourceTree = "<group>"; };
		C1CBF7901C1FED1B004515FF /* GameScene.h */ = {isa = PBXFileReference; lastKnownFileType = sourcecode.c.h; path = GameScene.h; sourceTree = "<group>"; };
		C1CBF7911C1FED1B004515FF /* GameScene.m */ = {isa = PBXFileReference; lastKnownFileType = sourcecode.c.objc; path = GameScene.m; sourceTree = "<group>"; };
		C1CBF7931C1FED1B004515FF /* GameScene.sks */ = {isa = PBXFileReference; lastKnownFileType = file.sks; path = GameScene.sks; sourceTree = "<group>"; };
		C1CBF7951C1FED1B004515FF /* GameViewController.h */ = {isa = PBXFileReference; lastKnownFileType = sourcecode.c.h; path = GameViewController.h; sourceTree = "<group>"; };
		C1CBF7961C1FED1B004515FF /* GameViewController.m */ = {isa = PBXFileReference; lastKnownFileType = sourcecode.c.objc; path = GameViewController.m; sourceTree = "<group>"; };
		C1CBF7991C1FED1B004515FF /* Base */ = {isa = PBXFileReference; lastKnownFileType = file.storyboard; name = Base; path = Base.lproj/Main.storyboard; sourceTree = "<group>"; };
		C1CBF79B1C1FED1B004515FF /* Assets.xcassets */ = {isa = PBXFileReference; lastKnownFileType = folder.assetcatalog; path = Assets.xcassets; sourceTree = "<group>"; };
		C1CBF79E1C1FED1B004515FF /* Base */ = {isa = PBXFileReference; lastKnownFileType = file.storyboard; name = Base; path = Base.lproj/LaunchScreen.storyboard; sourceTree = "<group>"; };
		C1CBF7A01C1FED1B004515FF /* Info.plist */ = {isa = PBXFileReference; lastKnownFileType = text.plist.xml; path = Info.plist; sourceTree = "<group>"; };
		C1FFA4581C9839F800411499 /* heroDied.sks */ = {isa = PBXFileReference; lastKnownFileType = file.sks; path = heroDied.sks; sourceTree = "<group>"; };
		C1FFA4591C9839F900411499 /* spark.png */ = {isa = PBXFileReference; lastKnownFileType = image.png; path = spark.png; sourceTree = "<group>"; };
		C1FFA45E1C98404200411499 /* heroDied1.sks */ = {isa = PBXFileReference; lastKnownFileType = file.sks; path = heroDied1.sks; sourceTree = "<group>"; };
		C1FFA4601C9846DA00411499 /* jump.wav */ = {isa = PBXFileReference; lastKnownFileType = audio.wav; path = jump.wav; sourceTree = "<group>"; };
		F13454CC1CBA86E700C7703F /* physicsCategories.h */ = {isa = PBXFileReference; lastKnownFileType = sourcecode.c.h; path = physicsCategories.h; sourceTree = "<group>"; };
		F14E9E5C1CBB5395003C648D /* SKNode+receiveAttack.h */ = {isa = PBXFileReference; fileEncoding = 4; lastKnownFileType = sourcecode.c.h; path = "SKNode+receiveAttack.h"; sourceTree = "<group>"; };
		F14E9E5D1CBB5395003C648D /* SKNode+receiveAttack.m */ = {isa = PBXFileReference; fileEncoding = 4; lastKnownFileType = sourcecode.c.objc; path = "SKNode+receiveAttack.m"; sourceTree = "<group>"; };
		F14E9E5F1CBBA0D9003C648D /* Enemy.h */ = {isa = PBXFileReference; fileEncoding = 4; lastKnownFileType = sourcecode.c.h; path = Enemy.h; sourceTree = "<group>"; };
		F14E9E601CBBA0D9003C648D /* Enemy.m */ = {isa = PBXFileReference; fileEncoding = 4; lastKnownFileType = sourcecode.c.objc; path = Enemy.m; sourceTree = "<group>"; };
		F14E9E651CBBCEEA003C648D /* CoinNode.h */ = {isa = PBXFileReference; fileEncoding = 4; lastKnownFileType = sourcecode.c.h; path = CoinNode.h; sourceTree = "<group>"; };
		F14E9E661CBBCEEA003C648D /* CoinNode.m */ = {isa = PBXFileReference; fileEncoding = 4; lastKnownFileType = sourcecode.c.objc; path = CoinNode.m; sourceTree = "<group>"; };
		F1F426CA1CA81F6100C27B2D /* PlayerSceneHalloween.h */ = {isa = PBXFileReference; fileEncoding = 4; lastKnownFileType = sourcecode.c.h; path = PlayerSceneHalloween.h; sourceTree = "<group>"; };
		F1F426CB1CA81F6100C27B2D /* PlayerSceneHalloween.m */ = {isa = PBXFileReference; fileEncoding = 4; lastKnownFileType = sourcecode.c.objc; path = PlayerSceneHalloween.m; sourceTree = "<group>"; };
		F1F426CD1CAA87AF00C27B2D /* coins.wav */ = {isa = PBXFileReference; lastKnownFileType = audio.wav; path = coins.wav; sourceTree = SOURCE_ROOT; };
/* End PBXFileReference section */

/* Begin PBXFrameworksBuildPhase section */
		C1CBF7841C1FED1B004515FF /* Frameworks */ = {
			isa = PBXFrameworksBuildPhase;
			buildActionMask = 2147483647;
			files = (
			);
			runOnlyForDeploymentPostprocessing = 0;
		};
/* End PBXFrameworksBuildPhase section */

/* Begin PBXGroup section */
		C1CBF77E1C1FED1B004515FF = {
			isa = PBXGroup;
			children = (
				C1CBF7891C1FED1B004515FF /* GoGo */,
				C1CBF7881C1FED1B004515FF /* Products */,
			);
			sourceTree = "<group>";
		};
		C1CBF7881C1FED1B004515FF /* Products */ = {
			isa = PBXGroup;
			children = (
				C1CBF7871C1FED1B004515FF /* GoGo.app */,
			);
			name = Products;
			sourceTree = "<group>";
		};
		C1CBF7891C1FED1B004515FF /* GoGo */ = {
			isa = PBXGroup;
			children = (
				F13454CC1CBA86E700C7703F /* physicsCategories.h */,
				C1CBF78D1C1FED1B004515FF /* AppDelegate.h */,
				C1CBF78E1C1FED1B004515FF /* AppDelegate.m */,
				F14E9E5C1CBB5395003C648D /* SKNode+receiveAttack.h */,
				F14E9E5D1CBB5395003C648D /* SKNode+receiveAttack.m */,
				F14E9E5F1CBBA0D9003C648D /* Enemy.h */,
				F14E9E601CBBA0D9003C648D /* Enemy.m */,
				F14E9E651CBBCEEA003C648D /* CoinNode.h */,
				F14E9E661CBBCEEA003C648D /* CoinNode.m */,
				C14D94831CBCE941005A96B3 /* Hero.h */,
				C14D94841CBCE941005A96B3 /* Hero.m */,
				F13454CD1CBA87C600C7703F /* 关卡 */,
				F13454CE1CBA87EB00C7703F /* 开始／结束场景 */,
				C1CBF7951C1FED1B004515FF /* GameViewController.h */,
				C1CBF7961C1FED1B004515FF /* GameViewController.m */,
				F13454CF1CBA883600C7703F /* Sound */,
				F13454D01CBA887D00C7703F /* 粒子特效 */,
				C1CBF7981C1FED1B004515FF /* Main.storyboard */,
				C1CBF7931C1FED1B004515FF /* GameScene.sks */,
				C1CBF79B1C1FED1B004515FF /* Assets.xcassets */,
				C1CBF79D1C1FED1B004515FF /* LaunchScreen.storyboard */,
				C1CBF7A01C1FED1B004515FF /* Info.plist */,
				C1CBF78A1C1FED1B004515FF /* Supporting Files */,
			);
			path = GoGo;
			sourceTree = "<group>";
		};
		C1CBF78A1C1FED1B004515FF /* Supporting Files */ = {
			isa = PBXGroup;
			children = (
				C1CBF78B1C1FED1B004515FF /* main.m */,
			);
			name = "Supporting Files";
			sourceTree = "<group>";
		};
		F13454CD1CBA87C600C7703F /* 关卡 */ = {
			isa = PBXGroup;
			children = (
				C16C202F1C82D4D600B934DA /* PlayScene.h */,
				C16C20301C82D4D600B934DA /* PlayScene.m */,
				F1F426CA1CA81F6100C27B2D /* PlayerSceneHalloween.h */,
				F1F426CB1CA81F6100C27B2D /* PlayerSceneHalloween.m */,
			);
			name = "关卡";
			sourceTree = "<group>";
		};
		F13454CE1CBA87EB00C7703F /* 开始／结束场景 */ = {
			isa = PBXGroup;
			children = (
				C1CBF7901C1FED1B004515FF /* GameScene.h */,
				C1CBF7911C1FED1B004515FF /* GameScene.m */,
				C16C20321C841A9300B934DA /* EndScene.h */,
				C16C20331C841A9300B934DA /* EndScene.m */,
			);
			name = "开始／结束场景";
			sourceTree = "<group>";
		};
		F13454CF1CBA883600C7703F /* Sound */ = {
			isa = PBXGroup;
			children = (
				F1F426CD1CAA87AF00C27B2D /* coins.wav */,
				C1FFA4601C9846DA00411499 /* jump.wav */,
			);
			name = Sound;
			sourceTree = "<group>";
		};
		F13454D01CBA887D00C7703F /* 粒子特效 */ = {
			isa = PBXGroup;
			children = (
				C1FFA45E1C98404200411499 /* heroDied1.sks */,
				C1FFA4581C9839F800411499 /* heroDied.sks */,
				C1FFA4591C9839F900411499 /* spark.png */,
			);
			name = "粒子特效";
			sourceTree = "<group>";
		};
/* End PBXGroup section */

/* Begin PBXNativeTarget section */
		C1CBF7861C1FED1B004515FF /* GoGo */ = {
			isa = PBXNativeTarget;
			buildConfigurationList = C1CBF7A31C1FED1B004515FF /* Build configuration list for PBXNativeTarget "GoGo" */;
			buildPhases = (
				C1CBF7831C1FED1B004515FF /* Sources */,
				C1CBF7841C1FED1B004515FF /* Frameworks */,
				C1CBF7851C1FED1B004515FF /* Resources */,
			);
			buildRules = (
			);
			dependencies = (
			);
			name = GoGo;
			productName = GoGo;
			productReference = C1CBF7871C1FED1B004515FF /* GoGo.app */;
			productType = "com.apple.product-type.application";
		};
/* End PBXNativeTarget section */

/* Begin PBXProject section */
		C1CBF77F1C1FED1B004515FF /* Project object */ = {
			isa = PBXProject;
			attributes = {
				LastUpgradeCheck = 0710;
				ORGANIZATIONNAME = "王振西";
				TargetAttributes = {
					C1CBF7861C1FED1B004515FF = {
						CreatedOnToolsVersion = 7.1.1;
						DevelopmentTeam = 8MBC2625L7;
					};
				};
			};
			buildConfigurationList = C1CBF7821C1FED1B004515FF /* Build configuration list for PBXProject "GoGo" */;
			compatibilityVersion = "Xcode 3.2";
			developmentRegion = English;
			hasScannedForEncodings = 0;
			knownRegions = (
				en,
				Base,
			);
			mainGroup = C1CBF77E1C1FED1B004515FF;
			productRefGroup = C1CBF7881C1FED1B004515FF /* Products */;
			projectDirPath = "";
			projectRoot = "";
			targets = (
				C1CBF7861C1FED1B004515FF /* GoGo */,
			);
		};
/* End PBXProject section */

/* Begin PBXResourcesBuildPhase section */
		C1CBF7851C1FED1B004515FF /* Resources */ = {
			isa = PBXResourcesBuildPhase;
			buildActionMask = 2147483647;
			files = (
				F1F426CE1CAA87AF00C27B2D /* coins.wav in Resources */,
				C1FFA4611C9846DA00411499 /* jump.wav in Resources */,
				C1CBF7941C1FED1B004515FF /* GameScene.sks in Resources */,
				C1FFA45B1C9839F900411499 /* spark.png in Resources */,
				C1FFA45F1C98404200411499 /* heroDied1.sks in Resources */,
				C1CBF79F1C1FED1B004515FF /* LaunchScreen.storyboard in Resources */,
				C1FFA45A1C9839F900411499 /* heroDied.sks in Resources */,
				C1CBF79C1C1FED1B004515FF /* Assets.xcassets in Resources */,
				C1CBF79A1C1FED1B004515FF /* Main.storyboard in Resources */,
			);
			runOnlyForDeploymentPostprocessing = 0;
		};
/* End PBXResourcesBuildPhase section */

/* Begin PBXSourcesBuildPhase section */
		C1CBF7831C1FED1B004515FF /* Sources */ = {
			isa = PBXSourcesBuildPhase;
			buildActionMask = 2147483647;
			files = (
				F1F426CC1CA81F6100C27B2D /* PlayerSceneHalloween.m in Sources */,
				C1CBF7971C1FED1B004515FF /* GameViewController.m in Sources */,
				C1CBF78F1C1FED1B004515FF /* AppDelegate.m in Sources */,
				F14E9E5E1CBB5395003C648D /* SKNode+receiveAttack.m in Sources */,
				C1CBF7921C1FED1B004515FF /* GameScene.m in Sources */,
				F14E9E611CBBA0D9003C648D /* Enemy.m in Sources */,
				C14D94851CBCE941005A96B3 /* Hero.m in Sources */,
				C16C20311C82D4D600B934DA /* PlayScene.m in Sources */,
				F14E9E671CBBCEEA003C648D /* CoinNode.m in Sources */,
				C16C20341C841A9300B934DA /* EndScene.m in Sources */,
				C1CBF78C1C1FED1B004515FF /* main.m in Sources */,
			);
			runOnlyForDeploymentPostprocessing = 0;
		};
/* End PBXSourcesBuildPhase section */

/* Begin PBXVariantGroup section */
		C1CBF7981C1FED1B004515FF /* Main.storyboard */ = {
			isa = PBXVariantGroup;
			children = (
				C1CBF7991C1FED1B004515FF /* Base */,
			);
			name = Main.storyboard;
			sourceTree = "<group>";
		};
		C1CBF79D1C1FED1B004515FF /* LaunchScreen.storyboard */ = {
			isa = PBXVariantGroup;
			children = (
				C1CBF79E1C1FED1B004515FF /* Base */,
			);
			name = LaunchScreen.storyboard;
			sourceTree = "<group>";
		};
/* End PBXVariantGroup section */

/* Begin XCBuildConfiguration section */
		C1CBF7A11C1FED1B004515FF /* Debug */ = {
			isa = XCBuildConfiguration;
			buildSettings = {
				ALWAYS_SEARCH_USER_PATHS = NO;
				CLANG_CXX_LANGUAGE_STANDARD = "gnu++0x";
				CLANG_CXX_LIBRARY = "libc++";
				CLANG_ENABLE_MODULES = YES;
				CLANG_ENABLE_OBJC_ARC = YES;
				CLANG_WARN_BOOL_CONVERSION = YES;
				CLANG_WARN_CONSTANT_CONVERSION = YES;
				CLANG_WARN_DIRECT_OBJC_ISA_USAGE = YES_ERROR;
				CLANG_WARN_EMPTY_BODY = YES;
				CLANG_WARN_ENUM_CONVERSION = YES;
				CLANG_WARN_INT_CONVERSION = YES;
				CLANG_WARN_OBJC_ROOT_CLASS = YES_ERROR;
				CLANG_WARN_UNREACHABLE_CODE = YES;
				CLANG_WARN__DUPLICATE_METHOD_MATCH = YES;
				"CODE_SIGN_IDENTITY[sdk=iphoneos*]" = "iPhone Developer";
				COPY_PHASE_STRIP = NO;
				DEBUG_INFORMATION_FORMAT = "dwarf-with-dsym";
				ENABLE_STRICT_OBJC_MSGSEND = YES;
				ENABLE_TESTABILITY = YES;
				GCC_C_LANGUAGE_STANDARD = gnu99;
				GCC_DYNAMIC_NO_PIC = NO;
				GCC_NO_COMMON_BLOCKS = YES;
				GCC_OPTIMIZATION_LEVEL = 0;
				GCC_PREPROCESSOR_DEFINITIONS = (
					"DEBUG=1",
					"$(inherited)",
				);
				GCC_WARN_64_TO_32_BIT_CONVERSION = YES;
				GCC_WARN_ABOUT_RETURN_TYPE = YES_ERROR;
				GCC_WARN_UNDECLARED_SELECTOR = YES;
				GCC_WARN_UNINITIALIZED_AUTOS = YES_AGGRESSIVE;
				GCC_WARN_UNUSED_FUNCTION = YES;
				GCC_WARN_UNUSED_VARIABLE = YES;
				IPHONEOS_DEPLOYMENT_TARGET = 9.1;
				MTL_ENABLE_DEBUG_INFO = YES;
				ONLY_ACTIVE_ARCH = YES;
				SDKROOT = iphoneos;
			};
			name = Debug;
		};
		C1CBF7A21C1FED1B004515FF /* Release */ = {
			isa = XCBuildConfiguration;
			buildSettings = {
				ALWAYS_SEARCH_USER_PATHS = NO;
				CLANG_CXX_LANGUAGE_STANDARD = "gnu++0x";
				CLANG_CXX_LIBRARY = "libc++";
				CLANG_ENABLE_MODULES = YES;
				CLANG_ENABLE_OBJC_ARC = YES;
				CLANG_WARN_BOOL_CONVERSION = YES;
				CLANG_WARN_CONSTANT_CONVERSION = YES;
				CLANG_WARN_DIRECT_OBJC_ISA_USAGE = YES_ERROR;
				CLANG_WARN_EMPTY_BODY = YES;
				CLANG_WARN_ENUM_CONVERSION = YES;
				CLANG_WARN_INT_CONVERSION = YES;
				CLANG_WARN_OBJC_ROOT_CLASS = YES_ERROR;
				CLANG_WARN_UNREACHABLE_CODE = YES;
				CLANG_WARN__DUPLICATE_METHOD_MATCH = YES;
				"CODE_SIGN_IDENTITY[sdk=iphoneos*]" = "iPhone Developer";
				COPY_PHASE_STRIP = NO;
				DEBUG_INFORMATION_FORMAT = "dwarf-with-dsym";
				ENABLE_NS_ASSERTIONS = NO;
				ENABLE_STRICT_OBJC_MSGSEND = YES;
				GCC_C_LANGUAGE_STANDARD = gnu99;
				GCC_NO_COMMON_BLOCKS = YES;
				GCC_WARN_64_TO_32_BIT_CONVERSION = YES;
				GCC_WARN_ABOUT_RETURN_TYPE = YES_ERROR;
				GCC_WARN_UNDECLARED_SELECTOR = YES;
				GCC_WARN_UNINITIALIZED_AUTOS = YES_AGGRESSIVE;
				GCC_WARN_UNUSED_FUNCTION = YES;
				GCC_WARN_UNUSED_VARIABLE = YES;
				IPHONEOS_DEPLOYMENT_TARGET = 9.1;
				MTL_ENABLE_DEBUG_INFO = NO;
				SDKROOT = iphoneos;
				VALIDATE_PRODUCT = YES;
			};
			name = Release;
		};
		C1CBF7A41C1FED1B004515FF /* Debug */ = {
			isa = XCBuildConfiguration;
			buildSettings = {
				ASSETCATALOG_COMPILER_APPICON_NAME = AppIcon;
				CODE_SIGN_IDENTITY = "iPhone Developer";
				"CODE_SIGN_IDENTITY[sdk=iphoneos*]" = "iPhone Developer";
				INFOPLIST_FILE = GoGo/Info.plist;
				LD_RUNPATH_SEARCH_PATHS = "$(inherited) @executable_path/Frameworks";
				PRODUCT_BUNDLE_IDENTIFIER = forlearn.GoGo;
				PRODUCT_NAME = "$(TARGET_NAME)";
				PROVISIONING_PROFILE = "";
			};
			name = Debug;
		};
		C1CBF7A51C1FED1B004515FF /* Release */ = {
			isa = XCBuildConfiguration;
			buildSettings = {
				ASSETCATALOG_COMPILER_APPICON_NAME = AppIcon;
				CODE_SIGN_IDENTITY = "iPhone Developer";
				"CODE_SIGN_IDENTITY[sdk=iphoneos*]" = "iPhone Developer";
				INFOPLIST_FILE = GoGo/Info.plist;
				LD_RUNPATH_SEARCH_PATHS = "$(inherited) @executable_path/Frameworks";
				PRODUCT_BUNDLE_IDENTIFIER = forlearn.GoGo;
				PRODUCT_NAME = "$(TARGET_NAME)";
				PROVISIONING_PROFILE = "";
			};
			name = Release;
		};
/* End XCBuildConfiguration section */

/* Begin XCConfigurationList section */
		C1CBF7821C1FED1B004515FF /* Build configuration list for PBXProject "GoGo" */ = {
			isa = XCConfigurationList;
			buildConfigurations = (
				C1CBF7A11C1FED1B004515FF /* Debug */,
				C1CBF7A21C1FED1B004515FF /* Release */,
			);
			defaultConfigurationIsVisible = 0;
			defaultConfigurationName = Release;
		};
		C1CBF7A31C1FED1B004515FF /* Build configuration list for PBXNativeTarget "GoGo" */ = {
			isa = XCConfigurationList;
			buildConfigurations = (
				C1CBF7A41C1FED1B004515FF /* Debug */,
				C1CBF7A51C1FED1B004515FF /* Release */,
			);
			defaultConfigurationIsVisible = 0;
			defaultConfigurationName = Release;
		};
/* End XCConfigurationList section */
	};
	rootObject = C1CBF77F1C1FED1B004515FF /* Project object */;
}
